{
  "name": "examples",
  "version": "1.0.0",
  "lockfileVersion": 2,
  "requires": true,
  "packages": {
    "": {
      "version": "1.0.0",
      "license": "ISC",
      "dependencies": {
        "linq-to-typescript": "^8.1.0",
        "tslib": "^1.14.1"
      },
      "devDependencies": {
        "typescript": "^3.9.7"
      }
    },
    "../dist": {
      "name": "linq-to-typescript",
      "version": "8.1.0",
      "license": "MIT",
      "peerDependencies": {
        "tslib": ">=1.14.0"
      }
    },
    "node_modules/linq-to-typescript": {
      "resolved": "../dist",
      "link": true
    },
    "node_modules/tslib": {
      "version": "1.14.1",
      "license": "0BSD"
    },
    "node_modules/typescript": {
      "version": "3.9.7",
      "dev": true,
      "license": "Apache-2.0",
      "bin": {
        "tsc": "bin/tsc",
        "tsserver": "bin/tsserver"
      },
      "engines": {
        "node": ">=4.2.0"
      }
    }
  },
  "dependencies": {
    "linq-to-typescript": {
      "version": "file:../dist",
      "requires": {}
    },
    "tslib": {
      "version": "1.14.1"
    },
    "typescript": {
      "version": "3.9.7",
      "dev": true
    }
  }
}
